<?xml version="1.0" encoding="utf-8"?>
<Project ToolsVersion="4.0" xmlns="http://schemas.microsoft.com/developer/msbuild/2003">
  <ItemGroup>
    <Filter Include="Исходные файлы">
      <UniqueIdentifier>{4FC737F1-C7A5-4376-A066-2A32D752A2FF}</UniqueIdentifier>
      <Extensions>cpp;c;cc;cxx;c++;cppm;ixx;def;odl;idl;hpj;bat;asm;asmx</Extensions>
    </Filter>
    <Filter Include="Файлы заголовков">
      <UniqueIdentifier>{93995380-89BD-4b04-88EB-625FBE52EBFB}</UniqueIdentifier>
      <Extensions>h;hh;hpp;hxx;h++;hm;inl;inc;ipp;xsd</Extensions>
    </Filter>
    <Filter Include="Файлы ресурсов">
      <UniqueIdentifier>{67DA6AB6-F800-4c08-8B7A-83BB121AAD01}</UniqueIdentifier>
      <Extensions>rc;ico;cur;bmp;dlg;rc2;rct;bin;rgs;gif;jpg;jpeg;jpe;resx;tiff;tif;png;wav;mfcribbon-ms</Extensions>
    </Filter>
    <Filter Include="Файлы заголовков\Bonuses">
      <UniqueIdentifier>{61f08d55-acfe-423f-a4ac-0b8eb62962a5}</UniqueIdentifier>
    </Filter>
    <Filter Include="Исходные файлы\Bonuses">
      <UniqueIdentifier>{b7f5d350-2bc9-4fab-9c65-4c8ba1132f85}</UniqueIdentifier>
    </Filter>
  </ItemGroup>
  <ItemGroup>
    <ClInclude Include="game_object.h">
      <Filter>Файлы заголовков</Filter>
    </ClInclude>
    <ClInclude Include="block.h">
      <Filter>Файлы заголовков</Filter>
    </ClInclude>
    <ClInclude Include="bonus.h">
      <Filter>Файлы заголовков\Bonuses</Filter>
    </ClInclude>
    <ClInclude Include="change_slide_size.h">
      <Filter>Файлы заголовков\Bonuses</Filter>
    </ClInclude>
    <ClInclude Include="sticking.h">
      <Filter>Файлы заголовков\Bonuses</Filter>
    </ClInclude>
    <ClInclude Include="change_ball_speed.h">
      <Filter>Файлы заголовков\Bonuses</Filter>
    </ClInclude>
    <ClInclude Include="add_ball.h">
      <Filter>Файлы заголовков\Bonuses</Filter>
    </ClInclude>
    <ClInclude Include="make_bottom.h">
      <Filter>Файлы заголовков\Bonuses</Filter>
    </ClInclude>
    <ClInclude Include="ball.h">
      <Filter>Файлы заголовков</Filter>
    </ClInclude>
    <ClInclude Include="slide.h">
      <Filter>Файлы заголовков</Filter>
    </ClInclude>
    <ClInclude Include="game.h">
      <Filter>Файлы заголовков</Filter>
    </ClInclude>
  </ItemGroup>
  <ItemGroup>
    <ClCompile Include="game_object.cpp">
      <Filter>Исходные файлы</Filter>
    </ClCompile>
    <ClCompile Include="block.cpp">
      <Filter>Исходные файлы</Filter>
    </ClCompile>
    <ClCompile Include="ball.cpp">
      <Filter>Исходные файлы</Filter>
    </ClCompile>
    <ClCompile Include="slide.cpp">
      <Filter>Исходные файлы</Filter>
    </ClCompile>
    <ClCompile Include="game.cpp">
      <Filter>Исходные файлы</Filter>
    </ClCompile>
    <ClCompile Include="add_ball.cpp">
      <Filter>Исходные файлы\Bonuses</Filter>
    </ClCompile>
    <ClCompile Include="bonus.cpp">
      <Filter>Исходные файлы\Bonuses</Filter>
    </ClCompile>
    <ClCompile Include="change_ball_speed.cpp">
      <Filter>Исходные файлы\Bonuses</Filter>
    </ClCompile>
    <ClCompile Include="change_slide_size.cpp">
      <Filter>Исходные файлы\Bonuses</Filter>
    </ClCompile>
    <ClCompile Include="make_bottom.cpp">
      <Filter>Исходные файлы\Bonuses</Filter>
    </ClCompile>
    <ClCompile Include="sticking.cpp">
      <Filter>Исходные файлы\Bonuses</Filter>
    </ClCompile>
    <ClCompile Include="main.cpp">
      <Filter>Исходные файлы</Filter>
    </ClCompile>
  </ItemGroup>
</Project>